// !$*UTF8*$!
{
	archiveVersion = 1;
	classes = {
	};
	objectVersion = 56;
	objects = {

/* Begin PBXBuildFile section */
		5293EE5B2B810B9A0001ECBB /* RickAndMortyApiApp.swift in Sources */ = {isa = PBXBuildFile; fileRef = 5293EE5A2B810B9A0001ECBB /* RickAndMortyApiApp.swift */; };
		5293EE5F2B810B9C0001ECBB /* Assets.xcassets in Resources */ = {isa = PBXBuildFile; fileRef = 5293EE5E2B810B9C0001ECBB /* Assets.xcassets */; };
		5293EE632B810B9C0001ECBB /* Preview Assets.xcassets in Resources */ = {isa = PBXBuildFile; fileRef = 5293EE622B810B9C0001ECBB /* Preview Assets.xcassets */; };
		5293EE6C2B8110540001ECBB /* DataLoadingStatus.swift in Sources */ = {isa = PBXBuildFile; fileRef = 5293EE6B2B8110540001ECBB /* DataLoadingStatus.swift */; };
		5293EE6F2B81107C0001ECBB /* ApiClient.swift in Sources */ = {isa = PBXBuildFile; fileRef = 5293EE6E2B81107C0001ECBB /* ApiClient.swift */; };
		5293EE722B8110EA0001ECBB /* ComposableArchitecture in Frameworks */ = {isa = PBXBuildFile; productRef = 5293EE712B8110EA0001ECBB /* ComposableArchitecture */; };
		5293EE792B8111E80001ECBB /* CharactersDTO.swift in Sources */ = {isa = PBXBuildFile; fileRef = 5293EE782B8111E80001ECBB /* CharactersDTO.swift */; };
		5293EE7B2B8114830001ECBB /* CharactersListReducer.swift in Sources */ = {isa = PBXBuildFile; fileRef = 5293EE7A2B8114830001ECBB /* CharactersListReducer.swift */; };
		5293EE7D2B8125FB0001ECBB /* CharactersListView.swift in Sources */ = {isa = PBXBuildFile; fileRef = 5293EE7C2B8125FB0001ECBB /* CharactersListView.swift */; };
		5293EE802B81415B0001ECBB /* ErrorView.swift in Sources */ = {isa = PBXBuildFile; fileRef = 5293EE7F2B81415B0001ECBB /* ErrorView.swift */; };
		5293EE822B814C5E0001ECBB /* CharacterRow.swift in Sources */ = {isa = PBXBuildFile; fileRef = 5293EE812B814C5E0001ECBB /* CharacterRow.swift */; };
		5293EE852B814F2F0001ECBB /* StringExtension.swift in Sources */ = {isa = PBXBuildFile; fileRef = 5293EE842B814F2F0001ECBB /* StringExtension.swift */; };
		5293EE892B814F6A0001ECBB /* DateExtension.swift in Sources */ = {isa = PBXBuildFile; fileRef = 5293EE882B814F6A0001ECBB /* DateExtension.swift */; };
		5293EE8B2B8152D50001ECBB /* CachedAsyncImage.swift in Sources */ = {isa = PBXBuildFile; fileRef = 5293EE8A2B8152D50001ECBB /* CachedAsyncImage.swift */; };
		5293EE8D2B815E130001ECBB /* CharacterDetailView.swift in Sources */ = {isa = PBXBuildFile; fileRef = 5293EE8C2B815E130001ECBB /* CharacterDetailView.swift */; };
		5293EE8F2B8160720001ECBB /* CharacterImage.swift in Sources */ = {isa = PBXBuildFile; fileRef = 5293EE8E2B8160720001ECBB /* CharacterImage.swift */; };
		5293EE912B8174DB0001ECBB /* EpisodeDetailsReducer.swift in Sources */ = {isa = PBXBuildFile; fileRef = 5293EE902B8174DB0001ECBB /* EpisodeDetailsReducer.swift */; };
		5293EE932B8176300001ECBB /* EpisodeDTO.swift in Sources */ = {isa = PBXBuildFile; fileRef = 5293EE922B8176300001ECBB /* EpisodeDTO.swift */; };
		5293EE952B817A4C0001ECBB /* EpisodeDetailView.swift in Sources */ = {isa = PBXBuildFile; fileRef = 5293EE942B817A4C0001ECBB /* EpisodeDetailView.swift */; };
/* End PBXBuildFile section */

/* Begin PBXFileReference section */
		5293EE572B810B9A0001ECBB /* RickAndMortyApi.app */ = {isa = PBXFileReference; explicitFileType = wrapper.application; includeInIndex = 0; path = RickAndMortyApi.app; sourceTree = BUILT_PRODUCTS_DIR; };
		5293EE5A2B810B9A0001ECBB /* RickAndMortyApiApp.swift */ = {isa = PBXFileReference; lastKnownFileType = sourcecode.swift; path = RickAndMortyApiApp.swift; sourceTree = "<group>"; };
		5293EE5E2B810B9C0001ECBB /* Assets.xcassets */ = {isa = PBXFileReference; lastKnownFileType = folder.assetcatalog; path = Assets.xcassets; sourceTree = "<group>"; };
		5293EE602B810B9C0001ECBB /* RickAndMortyApi.entitlements */ = {isa = PBXFileReference; lastKnownFileType = text.plist.entitlements; path = RickAndMortyApi.entitlements; sourceTree = "<group>"; };
		5293EE622B810B9C0001ECBB /* Preview Assets.xcassets */ = {isa = PBXFileReference; lastKnownFileType = folder.assetcatalog; path = "Preview Assets.xcassets"; sourceTree = "<group>"; };
		5293EE6B2B8110540001ECBB /* DataLoadingStatus.swift */ = {isa = PBXFileReference; lastKnownFileType = sourcecode.swift; path = DataLoadingStatus.swift; sourceTree = "<group>"; };
		5293EE6E2B81107C0001ECBB /* ApiClient.swift */ = {isa = PBXFileReference; lastKnownFileType = sourcecode.swift; path = ApiClient.swift; sourceTree = "<group>"; };
		5293EE782B8111E80001ECBB /* CharactersDTO.swift */ = {isa = PBXFileReference; lastKnownFileType = sourcecode.swift; path = CharactersDTO.swift; sourceTree = "<group>"; };
		5293EE7A2B8114830001ECBB /* CharactersListReducer.swift */ = {isa = PBXFileReference; lastKnownFileType = sourcecode.swift; path = CharactersListReducer.swift; sourceTree = "<group>"; };
		5293EE7C2B8125FB0001ECBB /* CharactersListView.swift */ = {isa = PBXFileReference; lastKnownFileType = sourcecode.swift; path = CharactersListView.swift; sourceTree = "<group>"; };
		5293EE7F2B81415B0001ECBB /* ErrorView.swift */ = {isa = PBXFileReference; lastKnownFileType = sourcecode.swift; path = ErrorView.swift; sourceTree = "<group>"; };
		5293EE812B814C5E0001ECBB /* CharacterRow.swift */ = {isa = PBXFileReference; lastKnownFileType = sourcecode.swift; path = CharacterRow.swift; sourceTree = "<group>"; };
		5293EE842B814F2F0001ECBB /* StringExtension.swift */ = {isa = PBXFileReference; lastKnownFileType = sourcecode.swift; path = StringExtension.swift; sourceTree = "<group>"; };
		5293EE882B814F6A0001ECBB /* DateExtension.swift */ = {isa = PBXFileReference; lastKnownFileType = sourcecode.swift; path = DateExtension.swift; sourceTree = "<group>"; };
		5293EE8A2B8152D50001ECBB /* CachedAsyncImage.swift */ = {isa = PBXFileReference; lastKnownFileType = sourcecode.swift; path = CachedAsyncImage.swift; sourceTree = "<group>"; };
		5293EE8C2B815E130001ECBB /* CharacterDetailView.swift */ = {isa = PBXFileReference; lastKnownFileType = sourcecode.swift; path = CharacterDetailView.swift; sourceTree = "<group>"; };
		5293EE8E2B8160720001ECBB /* CharacterImage.swift */ = {isa = PBXFileReference; lastKnownFileType = sourcecode.swift; path = CharacterImage.swift; sourceTree = "<group>"; };
		5293EE902B8174DB0001ECBB /* EpisodeDetailsReducer.swift */ = {isa = PBXFileReference; lastKnownFileType = sourcecode.swift; path = EpisodeDetailsReducer.swift; sourceTree = "<group>"; };
		5293EE922B8176300001ECBB /* EpisodeDTO.swift */ = {isa = PBXFileReference; lastKnownFileType = sourcecode.swift; path = EpisodeDTO.swift; sourceTree = "<group>"; };
		5293EE942B817A4C0001ECBB /* EpisodeDetailView.swift */ = {isa = PBXFileReference; lastKnownFileType = sourcecode.swift; path = EpisodeDetailView.swift; sourceTree = "<group>"; };
/* End PBXFileReference section */

/* Begin PBXFrameworksBuildPhase section */
		5293EE542B810B9A0001ECBB /* Frameworks */ = {
			isa = PBXFrameworksBuildPhase;
			buildActionMask = 2147483647;
			files = (
				5293EE722B8110EA0001ECBB /* ComposableArchitecture in Frameworks */,
			);
			runOnlyForDeploymentPostprocessing = 0;
		};
/* End PBXFrameworksBuildPhase section */

/* Begin PBXGroup section */
		5293EE4E2B810B9A0001ECBB = {
			isa = PBXGroup;
			children = (
				5293EE592B810B9A0001ECBB /* RickAndMortyApi */,
				5293EE582B810B9A0001ECBB /* Products */,
			);
			sourceTree = "<group>";
		};
		5293EE582B810B9A0001ECBB /* Products */ = {
			isa = PBXGroup;
			children = (
				5293EE572B810B9A0001ECBB /* RickAndMortyApi.app */,
			);
			name = Products;
			sourceTree = "<group>";
		};
		5293EE592B810B9A0001ECBB /* RickAndMortyApi */ = {
			isa = PBXGroup;
			children = (
				5293EE732B8111850001ECBB /* Features */,
				5293EE692B810FEF0001ECBB /* Core */,
				5293EE5A2B810B9A0001ECBB /* RickAndMortyApiApp.swift */,
				5293EE5E2B810B9C0001ECBB /* Assets.xcassets */,
				5293EE602B810B9C0001ECBB /* RickAndMortyApi.entitlements */,
				5293EE612B810B9C0001ECBB /* Preview Content */,
			);
			path = RickAndMortyApi;
			sourceTree = "<group>";
		};
		5293EE612B810B9C0001ECBB /* Preview Content */ = {
			isa = PBXGroup;
			children = (
				5293EE622B810B9C0001ECBB /* Preview Assets.xcassets */,
			);
			path = "Preview Content";
			sourceTree = "<group>";
		};
		5293EE692B810FEF0001ECBB /* Core */ = {
			isa = PBXGroup;
			children = (
				5293EE832B814F190001ECBB /* Utils */,
				5293EE7E2B8141440001ECBB /* Presentation */,
				5293EE6A2B8110140001ECBB /* Network */,
			);
			path = Core;
			sourceTree = "<group>";
		};
		5293EE6A2B8110140001ECBB /* Network */ = {
			isa = PBXGroup;
			children = (
				5293EE6B2B8110540001ECBB /* DataLoadingStatus.swift */,
				5293EE6E2B81107C0001ECBB /* ApiClient.swift */,
			);
			path = Network;
			sourceTree = "<group>";
		};
		5293EE732B8111850001ECBB /* Features */ = {
			isa = PBXGroup;
			children = (
				5293EE742B81118F0001ECBB /* Characters */,
			);
			path = Features;
			sourceTree = "<group>";
		};
		5293EE742B81118F0001ECBB /* Characters */ = {
			isa = PBXGroup;
			children = (
				5293EE752B8111980001ECBB /* Data */,
				5293EE772B8111A70001ECBB /* Domain */,
				5293EE762B81119E0001ECBB /* Presentation */,
			);
			path = Characters;
			sourceTree = "<group>";
		};
		5293EE752B8111980001ECBB /* Data */ = {
			isa = PBXGroup;
			children = (
				5293EE782B8111E80001ECBB /* CharactersDTO.swift */,
				5293EE922B8176300001ECBB /* EpisodeDTO.swift */,
			);
			path = Data;
			sourceTree = "<group>";
		};
		5293EE762B81119E0001ECBB /* Presentation */ = {
			isa = PBXGroup;
			children = (
				5293EE7C2B8125FB0001ECBB /* CharactersListView.swift */,
				5293EE812B814C5E0001ECBB /* CharacterRow.swift */,
				5293EE8C2B815E130001ECBB /* CharacterDetailView.swift */,
				5293EE8E2B8160720001ECBB /* CharacterImage.swift */,
				5293EE942B817A4C0001ECBB /* EpisodeDetailView.swift */,
			);
			path = Presentation;
			sourceTree = "<group>";
		};
		5293EE772B8111A70001ECBB /* Domain */ = {
			isa = PBXGroup;
			children = (
				5293EE7A2B8114830001ECBB /* CharactersListReducer.swift */,
				5293EE902B8174DB0001ECBB /* EpisodeDetailsReducer.swift */,
			);
			path = Domain;
			sourceTree = "<group>";
		};
		5293EE7E2B8141440001ECBB /* Presentation */ = {
			isa = PBXGroup;
			children = (
				5293EE7F2B81415B0001ECBB /* ErrorView.swift */,
				5293EE8A2B8152D50001ECBB /* CachedAsyncImage.swift */,
			);
			path = Presentation;
			sourceTree = "<group>";
		};
		5293EE832B814F190001ECBB /* Utils */ = {
			isa = PBXGroup;
			children = (
				5293EE872B814F4B0001ECBB /* Extension */,
			);
			path = Utils;
			sourceTree = "<group>";
		};
		5293EE872B814F4B0001ECBB /* Extension */ = {
			isa = PBXGroup;
			children = (
				5293EE842B814F2F0001ECBB /* StringExtension.swift */,
				5293EE882B814F6A0001ECBB /* DateExtension.swift */,
			);
			path = Extension;
			sourceTree = "<group>";
		};
/* End PBXGroup section */

/* Begin PBXNativeTarget section */
		5293EE562B810B9A0001ECBB /* RickAndMortyApi */ = {
			isa = PBXNativeTarget;
			buildConfigurationList = 5293EE662B810B9C0001ECBB /* Build configuration list for PBXNativeTarget "RickAndMortyApi" */;
			buildPhases = (
				5293EE532B810B9A0001ECBB /* Sources */,
				5293EE542B810B9A0001ECBB /* Frameworks */,
				5293EE552B810B9A0001ECBB /* Resources */,
			);
			buildRules = (
			);
			dependencies = (
			);
			name = RickAndMortyApi;
			packageProductDependencies = (
				5293EE712B8110EA0001ECBB /* ComposableArchitecture */,
			);
			productName = RickAndMortyApi;
			productReference = 5293EE572B810B9A0001ECBB /* RickAndMortyApi.app */;
			productType = "com.apple.product-type.application";
		};
/* End PBXNativeTarget section */

/* Begin PBXProject section */
		5293EE4F2B810B9A0001ECBB /* Project object */ = {
			isa = PBXProject;
			attributes = {
				BuildIndependentTargetsInParallel = 1;
				LastSwiftUpdateCheck = 1510;
				LastUpgradeCheck = 1510;
				TargetAttributes = {
					5293EE562B810B9A0001ECBB = {
						CreatedOnToolsVersion = 15.1;
					};
				};
			};
			buildConfigurationList = 5293EE522B810B9A0001ECBB /* Build configuration list for PBXProject "RickAndMortyApi" */;
			compatibilityVersion = "Xcode 14.0";
			developmentRegion = en;
			hasScannedForEncodings = 0;
			knownRegions = (
				en,
				Base,
			);
			mainGroup = 5293EE4E2B810B9A0001ECBB;
			packageReferences = (
				5293EE702B8110EA0001ECBB /* XCRemoteSwiftPackageReference "swift-composable-architecture" */,
			);
			productRefGroup = 5293EE582B810B9A0001ECBB /* Products */;
			projectDirPath = "";
			projectRoot = "";
			targets = (
				5293EE562B810B9A0001ECBB /* RickAndMortyApi */,
			);
		};
/* End PBXProject section */

/* Begin PBXResourcesBuildPhase section */
		5293EE552B810B9A0001ECBB /* Resources */ = {
			isa = PBXResourcesBuildPhase;
			buildActionMask = 2147483647;
			files = (
				5293EE632B810B9C0001ECBB /* Preview Assets.xcassets in Resources */,
				5293EE5F2B810B9C0001ECBB /* Assets.xcassets in Resources */,
			);
			runOnlyForDeploymentPostprocessing = 0;
		};
/* End PBXResourcesBuildPhase section */

/* Begin PBXSourcesBuildPhase section */
		5293EE532B810B9A0001ECBB /* Sources */ = {
			isa = PBXSourcesBuildPhase;
			buildActionMask = 2147483647;
			files = (
				5293EE6C2B8110540001ECBB /* DataLoadingStatus.swift in Sources */,
				5293EE892B814F6A0001ECBB /* DateExtension.swift in Sources */,
				5293EE792B8111E80001ECBB /* CharactersDTO.swift in Sources */,
				5293EE8D2B815E130001ECBB /* CharacterDetailView.swift in Sources */,
				5293EE822B814C5E0001ECBB /* CharacterRow.swift in Sources */,
				5293EE7D2B8125FB0001ECBB /* CharactersListView.swift in Sources */,
				5293EE5B2B810B9A0001ECBB /* RickAndMortyApiApp.swift in Sources */,
				5293EE912B8174DB0001ECBB /* EpisodeDetailsReducer.swift in Sources */,
				5293EE8B2B8152D50001ECBB /* CachedAsyncImage.swift in Sources */,
				5293EE952B817A4C0001ECBB /* EpisodeDetailView.swift in Sources */,
				5293EE852B814F2F0001ECBB /* StringExtension.swift in Sources */,
				5293EE932B8176300001ECBB /* EpisodeDTO.swift in Sources */,
				5293EE8F2B8160720001ECBB /* CharacterImage.swift in Sources */,
				5293EE802B81415B0001ECBB /* ErrorView.swift in Sources */,
				5293EE7B2B8114830001ECBB /* CharactersListReducer.swift in Sources */,
				5293EE6F2B81107C0001ECBB /* ApiClient.swift in Sources */,
			);
			runOnlyForDeploymentPostprocessing = 0;
		};
/* End PBXSourcesBuildPhase section */

/* Begin XCBuildConfiguration section */
		5293EE642B810B9C0001ECBB /* Debug */ = {
			isa = XCBuildConfiguration;
			buildSettings = {
				ALWAYS_SEARCH_USER_PATHS = NO;
				ASSETCATALOG_COMPILER_GENERATE_SWIFT_ASSET_SYMBOL_EXTENSIONS = YES;
				CLANG_ANALYZER_NONNULL = YES;
				CLANG_ANALYZER_NUMBER_OBJECT_CONVERSION = YES_AGGRESSIVE;
				CLANG_CXX_LANGUAGE_STANDARD = "gnu++20";
				CLANG_ENABLE_MODULES = YES;
				CLANG_ENABLE_OBJC_ARC = YES;
				CLANG_ENABLE_OBJC_WEAK = YES;
				CLANG_WARN_BLOCK_CAPTURE_AUTORELEASING = YES;
				CLANG_WARN_BOOL_CONVERSION = YES;
				CLANG_WARN_COMMA = YES;
				CLANG_WARN_CONSTANT_CONVERSION = YES;
				CLANG_WARN_DEPRECATED_OBJC_IMPLEMENTATIONS = YES;
				CLANG_WARN_DIRECT_OBJC_ISA_USAGE = YES_ERROR;
				CLANG_WARN_DOCUMENTATION_COMMENTS = YES;
				CLANG_WARN_EMPTY_BODY = YES;
				CLANG_WARN_ENUM_CONVERSION = YES;
				CLANG_WARN_INFINITE_RECURSION = YES;
				CLANG_WARN_INT_CONVERSION = YES;
				CLANG_WARN_NON_LITERAL_NULL_CONVERSION = YES;
				CLANG_WARN_OBJC_IMPLICIT_RETAIN_SELF = YES;
				CLANG_WARN_OBJC_LITERAL_CONVERSION = YES;
				CLANG_WARN_OBJC_ROOT_CLASS = YES_ERROR;
				CLANG_WARN_QUOTED_INCLUDE_IN_FRAMEWORK_HEADER = YES;
				CLANG_WARN_RANGE_LOOP_ANALYSIS = YES;
				CLANG_WARN_STRICT_PROTOTYPES = YES;
				CLANG_WARN_SUSPICIOUS_MOVE = YES;
				CLANG_WARN_UNGUARDED_AVAILABILITY = YES_AGGRESSIVE;
				CLANG_WARN_UNREACHABLE_CODE = YES;
				CLANG_WARN__DUPLICATE_METHOD_MATCH = YES;
				COPY_PHASE_STRIP = NO;
				DEBUG_INFORMATION_FORMAT = dwarf;
				ENABLE_STRICT_OBJC_MSGSEND = YES;
				ENABLE_TESTABILITY = YES;
				ENABLE_USER_SCRIPT_SANDBOXING = YES;
				GCC_C_LANGUAGE_STANDARD = gnu17;
				GCC_DYNAMIC_NO_PIC = NO;
				GCC_NO_COMMON_BLOCKS = YES;
				GCC_OPTIMIZATION_LEVEL = 0;
				GCC_PREPROCESSOR_DEFINITIONS = (
					"DEBUG=1",
					"$(inherited)",
				);
				GCC_WARN_64_TO_32_BIT_CONVERSION = YES;
				GCC_WARN_ABOUT_RETURN_TYPE = YES_ERROR;
				GCC_WARN_UNDECLARED_SELECTOR = YES;
				GCC_WARN_UNINITIALIZED_AUTOS = YES_AGGRESSIVE;
				GCC_WARN_UNUSED_FUNCTION = YES;
				GCC_WARN_UNUSED_VARIABLE = YES;
				IPHONEOS_DEPLOYMENT_TARGET = 15.0;
				LOCALIZATION_PREFERS_STRING_CATALOGS = YES;
				MTL_ENABLE_DEBUG_INFO = INCLUDE_SOURCE;
				MTL_FAST_MATH = YES;
				ONLY_ACTIVE_ARCH = YES;
				SWIFT_ACTIVE_COMPILATION_CONDITIONS = "DEBUG $(inherited)";
				SWIFT_OPTIMIZATION_LEVEL = "-Onone";
			};
			name = Debug;
		};
		5293EE652B810B9C0001ECBB /* Release */ = {
			isa = XCBuildConfiguration;
			buildSettings = {
				ALWAYS_SEARCH_USER_PATHS = NO;
				ASSETCATALOG_COMPILER_GENERATE_SWIFT_ASSET_SYMBOL_EXTENSIONS = YES;
				CLANG_ANALYZER_NONNULL = YES;
				CLANG_ANALYZER_NUMBER_OBJECT_CONVERSION = YES_AGGRESSIVE;
				CLANG_CXX_LANGUAGE_STANDARD = "gnu++20";
				CLANG_ENABLE_MODULES = YES;
				CLANG_ENABLE_OBJC_ARC = YES;
				CLANG_ENABLE_OBJC_WEAK = YES;
				CLANG_WARN_BLOCK_CAPTURE_AUTORELEASING = YES;
				CLANG_WARN_BOOL_CONVERSION = YES;
				CLANG_WARN_COMMA = YES;
				CLANG_WARN_CONSTANT_CONVERSION = YES;
				CLANG_WARN_DEPRECATED_OBJC_IMPLEMENTATIONS = YES;
				CLANG_WARN_DIRECT_OBJC_ISA_USAGE = YES_ERROR;
				CLANG_WARN_DOCUMENTATION_COMMENTS = YES;
				CLANG_WARN_EMPTY_BODY = YES;
				CLANG_WARN_ENUM_CONVERSION = YES;
				CLANG_WARN_INFINITE_RECURSION = YES;
				CLANG_WARN_INT_CONVERSION = YES;
				CLANG_WARN_NON_LITERAL_NULL_CONVERSION = YES;
				CLANG_WARN_OBJC_IMPLICIT_RETAIN_SELF = YES;
				CLANG_WARN_OBJC_LITERAL_CONVERSION = YES;
				CLANG_WARN_OBJC_ROOT_CLASS = YES_ERROR;
				CLANG_WARN_QUOTED_INCLUDE_IN_FRAMEWORK_HEADER = YES;
				CLANG_WARN_RANGE_LOOP_ANALYSIS = YES;
				CLANG_WARN_STRICT_PROTOTYPES = YES;
				CLANG_WARN_SUSPICIOUS_MOVE = YES;
				CLANG_WARN_UNGUARDED_AVAILABILITY = YES_AGGRESSIVE;
				CLANG_WARN_UNREACHABLE_CODE = YES;
				CLANG_WARN__DUPLICATE_METHOD_MATCH = YES;
				COPY_PHASE_STRIP = NO;
				DEBUG_INFORMATION_FORMAT = "dwarf-with-dsym";
				ENABLE_NS_ASSERTIONS = NO;
				ENABLE_STRICT_OBJC_MSGSEND = YES;
				ENABLE_USER_SCRIPT_SANDBOXING = YES;
				GCC_C_LANGUAGE_STANDARD = gnu17;
				GCC_NO_COMMON_BLOCKS = YES;
				GCC_WARN_64_TO_32_BIT_CONVERSION = YES;
				GCC_WARN_ABOUT_RETURN_TYPE = YES_ERROR;
				GCC_WARN_UNDECLARED_SELECTOR = YES;
				GCC_WARN_UNINITIALIZED_AUTOS = YES_AGGRESSIVE;
				GCC_WARN_UNUSED_FUNCTION = YES;
				GCC_WARN_UNUSED_VARIABLE = YES;
				IPHONEOS_DEPLOYMENT_TARGET = 15.0;
				LOCALIZATION_PREFERS_STRING_CATALOGS = YES;
				MTL_ENABLE_DEBUG_INFO = NO;
				MTL_FAST_MATH = YES;
				SWIFT_COMPILATION_MODE = wholemodule;
			};
			name = Release;
		};
		5293EE672B810B9C0001ECBB /* Debug */ = {
			isa = XCBuildConfiguration;
			buildSettings = {
				ASSETCATALOG_COMPILER_APPICON_NAME = AppIcon;
				ASSETCATALOG_COMPILER_GLOBAL_ACCENT_COLOR_NAME = AccentColor;
				CODE_SIGN_ENTITLEMENTS = RickAndMortyApi/RickAndMortyApi.entitlements;
				CODE_SIGN_STYLE = Automatic;
				CURRENT_PROJECT_VERSION = 1;
				DEVELOPMENT_ASSET_PATHS = "\"RickAndMortyApi/Preview Content\"";
				DEVELOPMENT_TEAM = UADL7D88KK;
				ENABLE_HARDENED_RUNTIME = YES;
				ENABLE_PREVIEWS = YES;
				GENERATE_INFOPLIST_FILE = YES;
				"INFOPLIST_KEY_UIApplicationSceneManifest_Generation[sdk=iphoneos*]" = YES;
				"INFOPLIST_KEY_UIApplicationSceneManifest_Generation[sdk=iphonesimulator*]" = YES;
				"INFOPLIST_KEY_UIApplicationSupportsIndirectInputEvents[sdk=iphoneos*]" = YES;
				"INFOPLIST_KEY_UIApplicationSupportsIndirectInputEvents[sdk=iphonesimulator*]" = YES;
				"INFOPLIST_KEY_UILaunchScreen_Generation[sdk=iphoneos*]" = YES;
				"INFOPLIST_KEY_UILaunchScreen_Generation[sdk=iphonesimulator*]" = YES;
				"INFOPLIST_KEY_UIStatusBarStyle[sdk=iphoneos*]" = UIStatusBarStyleDefault;
				"INFOPLIST_KEY_UIStatusBarStyle[sdk=iphonesimulator*]" = UIStatusBarStyleDefault;
				INFOPLIST_KEY_UISupportedInterfaceOrientations_iPad = "UIInterfaceOrientationPortrait UIInterfaceOrientationPortraitUpsideDown UIInterfaceOrientationLandscapeLeft UIInterfaceOrientationLandscapeRight";
				INFOPLIST_KEY_UISupportedInterfaceOrientations_iPhone = "UIInterfaceOrientationPortrait UIInterfaceOrientationLandscapeLeft UIInterfaceOrientationLandscapeRight";
				IPHONEOS_DEPLOYMENT_TARGET = 15.0;
				LD_RUNPATH_SEARCH_PATHS = "@executable_path/Frameworks";
				"LD_RUNPATH_SEARCH_PATHS[sdk=macosx*]" = "@executable_path/../Frameworks";
				MACOSX_DEPLOYMENT_TARGET = 14.2;
				MARKETING_VERSION = 1.0;
				PRODUCT_BUNDLE_IDENTIFIER = pl.com.tpal.RickAndMortyApi;
				PRODUCT_NAME = "$(TARGET_NAME)";
				SDKROOT = auto;
				SUPPORTED_PLATFORMS = "iphoneos iphonesimulator";
				SUPPORTS_MACCATALYST = NO;
				SWIFT_EMIT_LOC_STRINGS = YES;
				SWIFT_VERSION = 5.0;
				TARGETED_DEVICE_FAMILY = "1,2";
			};
			name = Debug;
		};
		5293EE682B810B9C0001ECBB /* Release */ = {
			isa = XCBuildConfiguration;
			buildSettings = {
				ASSETCATALOG_COMPILER_APPICON_NAME = AppIcon;
				ASSETCATALOG_COMPILER_GLOBAL_ACCENT_COLOR_NAME = AccentColor;
				CODE_SIGN_ENTITLEMENTS = RickAndMortyApi/RickAndMortyApi.entitlements;
				CODE_SIGN_STYLE = Automatic;
				CURRENT_PROJECT_VERSION = 1;
				DEVELOPMENT_ASSET_PATHS = "\"RickAndMortyApi/Preview Content\"";
				DEVELOPMENT_TEAM = UADL7D88KK;
				ENABLE_HARDENED_RUNTIME = YES;
				ENABLE_PREVIEWS = YES;
				GENERATE_INFOPLIST_FILE = YES;
				"INFOPLIST_KEY_UIApplicationSceneManifest_Generation[sdk=iphoneos*]" = YES;
				"INFOPLIST_KEY_UIApplicationSceneManifest_Generation[sdk=iphonesimulator*]" = YES;
				"INFOPLIST_KEY_UIApplicationSupportsIndirectInputEvents[sdk=iphoneos*]" = YES;
				"INFOPLIST_KEY_UIApplicationSupportsIndirectInputEvents[sdk=iphonesimulator*]" = YES;
				"INFOPLIST_KEY_UILaunchScreen_Generation[sdk=iphoneos*]" = YES;
				"INFOPLIST_KEY_UILaunchScreen_Generation[sdk=iphonesimulator*]" = YES;
				"INFOPLIST_KEY_UIStatusBarStyle[sdk=iphoneos*]" = UIStatusBarStyleDefault;
				"INFOPLIST_KEY_UIStatusBarStyle[sdk=iphonesimulator*]" = UIStatusBarStyleDefault;
				INFOPLIST_KEY_UISupportedInterfaceOrientations_iPad = "UIInterfaceOrientationPortrait UIInterfaceOrientationPortraitUpsideDown UIInterfaceOrientationLandscapeLeft UIInterfaceOrientationLandscapeRight";
				INFOPLIST_KEY_UISupportedInterfaceOrientations_iPhone = "UIInterfaceOrientationPortrait UIInterfaceOrientationLandscapeLeft UIInterfaceOrientationLandscapeRight";
				IPHONEOS_DEPLOYMENT_TARGET = 15.0;
				LD_RUNPATH_SEARCH_PATHS = "@executable_path/Frameworks";
				"LD_RUNPATH_SEARCH_PATHS[sdk=macosx*]" = "@executable_path/../Frameworks";
				MACOSX_DEPLOYMENT_TARGET = 14.2;
				MARKETING_VERSION = 1.0;
				PRODUCT_BUNDLE_IDENTIFIER = pl.com.tpal.RickAndMortyApi;
				PRODUCT_NAME = "$(TARGET_NAME)";
				SDKROOT = auto;
				SUPPORTED_PLATFORMS = "iphoneos iphonesimulator";
				SUPPORTS_MACCATALYST = NO;
				SWIFT_EMIT_LOC_STRINGS = YES;
				SWIFT_VERSION = 5.0;
				TARGETED_DEVICE_FAMILY = "1,2";
			};
			name = Release;
		};
/* End XCBuildConfiguration section */

/* Begin XCConfigurationList section */
		5293EE522B810B9A0001ECBB /* Build configuration list for PBXProject "RickAndMortyApi" */ = {
			isa = XCConfigurationList;
			buildConfigurations = (
				5293EE642B810B9C0001ECBB /* Debug */,
				5293EE652B810B9C0001ECBB /* Release */,
			);
			defaultConfigurationIsVisible = 0;
			defaultConfigurationName = Release;
		};
		5293EE662B810B9C0001ECBB /* Build configuration list for PBXNativeTarget "RickAndMortyApi" */ = {
			isa = XCConfigurationList;
			buildConfigurations = (
				5293EE672B810B9C0001ECBB /* Debug */,
				5293EE682B810B9C0001ECBB /* Release */,
			);
			defaultConfigurationIsVisible = 0;
			defaultConfigurationName = Release;
		};
/* End XCConfigurationList section */

/* Begin XCRemoteSwiftPackageReference section */
		5293EE702B8110EA0001ECBB /* XCRemoteSwiftPackageReference "swift-composable-architecture" */ = {
			isa = XCRemoteSwiftPackageReference;
			repositoryURL = "https://github.com/pointfreeco/swift-composable-architecture.git";
			requirement = {
				kind = upToNextMajorVersion;
				minimumVersion = 1.8.0;
			};
		};
/* End XCRemoteSwiftPackageReference section */

/* Begin XCSwiftPackageProductDependency section */
		5293EE712B8110EA0001ECBB /* ComposableArchitecture */ = {
			isa = XCSwiftPackageProductDependency;
			package = 5293EE702B8110EA0001ECBB /* XCRemoteSwiftPackageReference "swift-composable-architecture" */;
			productName = ComposableArchitecture;
		};
/* End XCSwiftPackageProductDependency section */
	};
	rootObject = 5293EE4F2B810B9A0001ECBB /* Project object */;
}
